// !$*UTF8*$!
{
	archiveVersion = 1;
	classes = {
	};
	objectVersion = 50;
	objects = {

/* Begin PBXBuildFile section */
		0057AD58233B517A002EFFE6 /* AppDelegate.swift in Sources */ = {isa = PBXBuildFile; fileRef = 0057AD57233B517A002EFFE6 /* AppDelegate.swift */; };
		0057AD5A233B517A002EFFE6 /* SceneDelegate.swift in Sources */ = {isa = PBXBuildFile; fileRef = 0057AD59233B517A002EFFE6 /* SceneDelegate.swift */; };
		0057AD5D233B517A002EFFE6 /* PPCurrencyConversion.xcdatamodeld in Sources */ = {isa = PBXBuildFile; fileRef = 0057AD5B233B517A002EFFE6 /* PPCurrencyConversion.xcdatamodeld */; };
		0057AD61233B517B002EFFE6 /* Assets.xcassets in Resources */ = {isa = PBXBuildFile; fileRef = 0057AD60233B517B002EFFE6 /* Assets.xcassets */; };
		0057AD64233B517B002EFFE6 /* Preview Assets.xcassets in Resources */ = {isa = PBXBuildFile; fileRef = 0057AD63233B517B002EFFE6 /* Preview Assets.xcassets */; };
		0057AD67233B517B002EFFE6 /* LaunchScreen.storyboard in Resources */ = {isa = PBXBuildFile; fileRef = 0057AD65233B517B002EFFE6 /* LaunchScreen.storyboard */; };
		0057AD72233B517B002EFFE6 /* PPCurrencyConversionTests.swift in Sources */ = {isa = PBXBuildFile; fileRef = 0057AD71233B517B002EFFE6 /* PPCurrencyConversionTests.swift */; };
		0057AD7D233B517B002EFFE6 /* PPCurrencyConversionUITests.swift in Sources */ = {isa = PBXBuildFile; fileRef = 0057AD7C233B517B002EFFE6 /* PPCurrencyConversionUITests.swift */; };
		0057AD8B233B549F002EFFE6 /* Constants.swift in Sources */ = {isa = PBXBuildFile; fileRef = 0057AD8A233B549F002EFFE6 /* Constants.swift */; };
		0057AD8F233B553E002EFFE6 /* Loader.swift in Sources */ = {isa = PBXBuildFile; fileRef = 0057AD8E233B553E002EFFE6 /* Loader.swift */; };
		0057AD91233B5586002EFFE6 /* JsonParser.swift in Sources */ = {isa = PBXBuildFile; fileRef = 0057AD90233B5586002EFFE6 /* JsonParser.swift */; };
		0057AD93233B5611002EFFE6 /* DBUtil.swift in Sources */ = {isa = PBXBuildFile; fileRef = 0057AD92233B5611002EFFE6 /* DBUtil.swift */; };
		0057AD96233B58FF002EFFE6 /* Currency.swift in Sources */ = {isa = PBXBuildFile; fileRef = 0057AD95233B58FF002EFFE6 /* Currency.swift */; };
		0057AD98233B594C002EFFE6 /* UserData.swift in Sources */ = {isa = PBXBuildFile; fileRef = 0057AD97233B594C002EFFE6 /* UserData.swift */; };
		0057AD9A233B5B8A002EFFE6 /* ListView.swift in Sources */ = {isa = PBXBuildFile; fileRef = 0057AD99233B5B8A002EFFE6 /* ListView.swift */; };
		0057AD9C233B7DE4002EFFE6 /* CurrencyRowView.swift in Sources */ = {isa = PBXBuildFile; fileRef = 0057AD9B233B7DE4002EFFE6 /* CurrencyRowView.swift */; };
		0057AD9F233B805F002EFFE6 /* ModelHandler.swift in Sources */ = {isa = PBXBuildFile; fileRef = 0057AD9E233B805F002EFFE6 /* ModelHandler.swift */; };
		0057ADA1233B8EA4002EFFE6 /* SelectionView.swift in Sources */ = {isa = PBXBuildFile; fileRef = 0057ADA0233B8EA4002EFFE6 /* SelectionView.swift */; };
		0057ADA4233B8ED3002EFFE6 /* NumberpadView.swift in Sources */ = {isa = PBXBuildFile; fileRef = 0057ADA3233B8ED3002EFFE6 /* NumberpadView.swift */; };
		0057ADA6233B8EE1002EFFE6 /* NumberpadButtonView.swift in Sources */ = {isa = PBXBuildFile; fileRef = 0057ADA5233B8EE1002EFFE6 /* NumberpadButtonView.swift */; };
		0057ADA8233BA4A9002EFFE6 /* DataHandler.swift in Sources */ = {isa = PBXBuildFile; fileRef = 0057ADA7233BA4A9002EFFE6 /* DataHandler.swift */; };
/* End PBXBuildFile section */

/* Begin PBXContainerItemProxy section */
		0057AD6E233B517B002EFFE6 /* PBXContainerItemProxy */ = {
			isa = PBXContainerItemProxy;
			containerPortal = 0057AD4C233B517A002EFFE6 /* Project object */;
			proxyType = 1;
			remoteGlobalIDString = 0057AD53233B517A002EFFE6;
			remoteInfo = PPCurrencyConversion;
		};
		0057AD79233B517B002EFFE6 /* PBXContainerItemProxy */ = {
			isa = PBXContainerItemProxy;
			containerPortal = 0057AD4C233B517A002EFFE6 /* Project object */;
			proxyType = 1;
			remoteGlobalIDString = 0057AD53233B517A002EFFE6;
			remoteInfo = PPCurrencyConversion;
		};
/* End PBXContainerItemProxy section */

/* Begin PBXFileReference section */
		0057AD54233B517A002EFFE6 /* PPCurrencyConversion.app */ = {isa = PBXFileReference; explicitFileType = wrapper.application; includeInIndex = 0; path = PPCurrencyConversion.app; sourceTree = BUILT_PRODUCTS_DIR; };
		0057AD57233B517A002EFFE6 /* AppDelegate.swift */ = {isa = PBXFileReference; lastKnownFileType = sourcecode.swift; path = AppDelegate.swift; sourceTree = "<group>"; };
		0057AD59233B517A002EFFE6 /* SceneDelegate.swift */ = {isa = PBXFileReference; lastKnownFileType = sourcecode.swift; path = SceneDelegate.swift; sourceTree = "<group>"; };
		0057AD5C233B517A002EFFE6 /* PPCurrencyConversion.xcdatamodel */ = {isa = PBXFileReference; lastKnownFileType = wrapper.xcdatamodel; path = PPCurrencyConversion.xcdatamodel; sourceTree = "<group>"; };
		0057AD60233B517B002EFFE6 /* Assets.xcassets */ = {isa = PBXFileReference; lastKnownFileType = folder.assetcatalog; path = Assets.xcassets; sourceTree = "<group>"; };
		0057AD63233B517B002EFFE6 /* Preview Assets.xcassets */ = {isa = PBXFileReference; lastKnownFileType = folder.assetcatalog; path = "Preview Assets.xcassets"; sourceTree = "<group>"; };
		0057AD66233B517B002EFFE6 /* Base */ = {isa = PBXFileReference; lastKnownFileType = file.storyboard; name = Base; path = Base.lproj/LaunchScreen.storyboard; sourceTree = "<group>"; };
		0057AD68233B517B002EFFE6 /* Info.plist */ = {isa = PBXFileReference; lastKnownFileType = text.plist.xml; path = Info.plist; sourceTree = "<group>"; };
		0057AD6D233B517B002EFFE6 /* PPCurrencyConversionTests.xctest */ = {isa = PBXFileReference; explicitFileType = wrapper.cfbundle; includeInIndex = 0; path = PPCurrencyConversionTests.xctest; sourceTree = BUILT_PRODUCTS_DIR; };
		0057AD71233B517B002EFFE6 /* PPCurrencyConversionTests.swift */ = {isa = PBXFileReference; lastKnownFileType = sourcecode.swift; path = PPCurrencyConversionTests.swift; sourceTree = "<group>"; };
		0057AD73233B517B002EFFE6 /* Info.plist */ = {isa = PBXFileReference; lastKnownFileType = text.plist.xml; path = Info.plist; sourceTree = "<group>"; };
		0057AD78233B517B002EFFE6 /* PPCurrencyConversionUITests.xctest */ = {isa = PBXFileReference; explicitFileType = wrapper.cfbundle; includeInIndex = 0; path = PPCurrencyConversionUITests.xctest; sourceTree = BUILT_PRODUCTS_DIR; };
		0057AD7C233B517B002EFFE6 /* PPCurrencyConversionUITests.swift */ = {isa = PBXFileReference; lastKnownFileType = sourcecode.swift; path = PPCurrencyConversionUITests.swift; sourceTree = "<group>"; };
		0057AD7E233B517B002EFFE6 /* Info.plist */ = {isa = PBXFileReference; lastKnownFileType = text.plist.xml; path = Info.plist; sourceTree = "<group>"; };
		0057AD8A233B549F002EFFE6 /* Constants.swift */ = {isa = PBXFileReference; lastKnownFileType = sourcecode.swift; path = Constants.swift; sourceTree = "<group>"; };
		0057AD8E233B553E002EFFE6 /* Loader.swift */ = {isa = PBXFileReference; lastKnownFileType = sourcecode.swift; path = Loader.swift; sourceTree = "<group>"; };
		0057AD90233B5586002EFFE6 /* JsonParser.swift */ = {isa = PBXFileReference; lastKnownFileType = sourcecode.swift; path = JsonParser.swift; sourceTree = "<group>"; };
		0057AD92233B5611002EFFE6 /* DBUtil.swift */ = {isa = PBXFileReference; lastKnownFileType = sourcecode.swift; path = DBUtil.swift; sourceTree = "<group>"; };
		0057AD95233B58FF002EFFE6 /* Currency.swift */ = {isa = PBXFileReference; lastKnownFileType = sourcecode.swift; path = Currency.swift; sourceTree = "<group>"; };
		0057AD97233B594C002EFFE6 /* UserData.swift */ = {isa = PBXFileReference; lastKnownFileType = sourcecode.swift; path = UserData.swift; sourceTree = "<group>"; };
		0057AD99233B5B8A002EFFE6 /* ListView.swift */ = {isa = PBXFileReference; lastKnownFileType = sourcecode.swift; path = ListView.swift; sourceTree = "<group>"; };
		0057AD9B233B7DE4002EFFE6 /* CurrencyRowView.swift */ = {isa = PBXFileReference; lastKnownFileType = sourcecode.swift; path = CurrencyRowView.swift; sourceTree = "<group>"; };
		0057AD9E233B805F002EFFE6 /* ModelHandler.swift */ = {isa = PBXFileReference; lastKnownFileType = sourcecode.swift; path = ModelHandler.swift; sourceTree = "<group>"; };
		0057ADA0233B8EA4002EFFE6 /* SelectionView.swift */ = {isa = PBXFileReference; lastKnownFileType = sourcecode.swift; path = SelectionView.swift; sourceTree = "<group>"; };
		0057ADA3233B8ED3002EFFE6 /* NumberpadView.swift */ = {isa = PBXFileReference; lastKnownFileType = sourcecode.swift; path = NumberpadView.swift; sourceTree = "<group>"; };
		0057ADA5233B8EE1002EFFE6 /* NumberpadButtonView.swift */ = {isa = PBXFileReference; lastKnownFileType = sourcecode.swift; path = NumberpadButtonView.swift; sourceTree = "<group>"; };
		0057ADA7233BA4A9002EFFE6 /* DataHandler.swift */ = {isa = PBXFileReference; lastKnownFileType = sourcecode.swift; path = DataHandler.swift; sourceTree = "<group>"; };
/* End PBXFileReference section */

/* Begin PBXFrameworksBuildPhase section */
		0057AD51233B517A002EFFE6 /* Frameworks */ = {
			isa = PBXFrameworksBuildPhase;
			buildActionMask = 2147483647;
			files = (
			);
			runOnlyForDeploymentPostprocessing = 0;
		};
		0057AD6A233B517B002EFFE6 /* Frameworks */ = {
			isa = PBXFrameworksBuildPhase;
			buildActionMask = 2147483647;
			files = (
			);
			runOnlyForDeploymentPostprocessing = 0;
		};
		0057AD75233B517B002EFFE6 /* Frameworks */ = {
			isa = PBXFrameworksBuildPhase;
			buildActionMask = 2147483647;
			files = (
			);
			runOnlyForDeploymentPostprocessing = 0;
		};
/* End PBXFrameworksBuildPhase section */

/* Begin PBXGroup section */
		0057AD4B233B517A002EFFE6 = {
			isa = PBXGroup;
			children = (
				0057AD56233B517A002EFFE6 /* PPCurrencyConversion */,
				0057AD70233B517B002EFFE6 /* PPCurrencyConversionTests */,
				0057AD7B233B517B002EFFE6 /* PPCurrencyConversionUITests */,
				0057AD55233B517A002EFFE6 /* Products */,
			);
			sourceTree = "<group>";
		};
		0057AD55233B517A002EFFE6 /* Products */ = {
			isa = PBXGroup;
			children = (
				0057AD54233B517A002EFFE6 /* PPCurrencyConversion.app */,
				0057AD6D233B517B002EFFE6 /* PPCurrencyConversionTests.xctest */,
				0057AD78233B517B002EFFE6 /* PPCurrencyConversionUITests.xctest */,
			);
			name = Products;
			sourceTree = "<group>";
		};
		0057AD56233B517A002EFFE6 /* PPCurrencyConversion */ = {
			isa = PBXGroup;
			children = (
				0057AD57233B517A002EFFE6 /* AppDelegate.swift */,
				0057AD59233B517A002EFFE6 /* SceneDelegate.swift */,
				0057AD8A233B549F002EFFE6 /* Constants.swift */,
				0057AD8D233B551B002EFFE6 /* Data */,
				0057AD94233B58EB002EFFE6 /* Model */,
				0057AD8C233B5513002EFFE6 /* UI */,
				0057AD9D233B8036002EFFE6 /* Handler */,
				0057AD60233B517B002EFFE6 /* Assets.xcassets */,
				0057AD65233B517B002EFFE6 /* LaunchScreen.storyboard */,
				0057AD68233B517B002EFFE6 /* Info.plist */,
				0057AD5B233B517A002EFFE6 /* PPCurrencyConversion.xcdatamodeld */,
				0057AD62233B517B002EFFE6 /* Preview Content */,
			);
			path = PPCurrencyConversion;
			sourceTree = "<group>";
		};
		0057AD62233B517B002EFFE6 /* Preview Content */ = {
			isa = PBXGroup;
			children = (
				0057AD63233B517B002EFFE6 /* Preview Assets.xcassets */,
			);
			path = "Preview Content";
			sourceTree = "<group>";
		};
		0057AD70233B517B002EFFE6 /* PPCurrencyConversionTests */ = {
			isa = PBXGroup;
			children = (
				0057AD71233B517B002EFFE6 /* PPCurrencyConversionTests.swift */,
				0057AD73233B517B002EFFE6 /* Info.plist */,
			);
			path = PPCurrencyConversionTests;
			sourceTree = "<group>";
		};
		0057AD7B233B517B002EFFE6 /* PPCurrencyConversionUITests */ = {
			isa = PBXGroup;
			children = (
				0057AD7C233B517B002EFFE6 /* PPCurrencyConversionUITests.swift */,
				0057AD7E233B517B002EFFE6 /* Info.plist */,
			);
			path = PPCurrencyConversionUITests;
			sourceTree = "<group>";
		};
		0057AD8C233B5513002EFFE6 /* UI */ = {
			isa = PBXGroup;
			children = (
				0057AD99233B5B8A002EFFE6 /* ListView.swift */,
				0057AD9B233B7DE4002EFFE6 /* CurrencyRowView.swift */,
				0057ADA0233B8EA4002EFFE6 /* SelectionView.swift */,
				0057ADA2233B8EBD002EFFE6 /* Numberpad */,
			);
			path = UI;
			sourceTree = "<group>";
		};
		0057AD8D233B551B002EFFE6 /* Data */ = {
			isa = PBXGroup;
			children = (
				0057AD92233B5611002EFFE6 /* DBUtil.swift */,
				0057AD8E233B553E002EFFE6 /* Loader.swift */,
				0057AD90233B5586002EFFE6 /* JsonParser.swift */,
			);
			path = Data;
			sourceTree = "<group>";
		};
		0057AD94233B58EB002EFFE6 /* Model */ = {
			isa = PBXGroup;
			children = (
				0057AD95233B58FF002EFFE6 /* Currency.swift */,
				0057AD97233B594C002EFFE6 /* UserData.swift */,
			);
			path = Model;
			sourceTree = "<group>";
		};
		0057AD9D233B8036002EFFE6 /* Handler */ = {
			isa = PBXGroup;
			children = (
				0057AD9E233B805F002EFFE6 /* ModelHandler.swift */,
				0057ADA7233BA4A9002EFFE6 /* DataHandler.swift */,
			);
			path = Handler;
			sourceTree = "<group>";
		};
		0057ADA2233B8EBD002EFFE6 /* Numberpad */ = {
			isa = PBXGroup;
			children = (
				0057ADA3233B8ED3002EFFE6 /* NumberpadView.swift */,
				0057ADA5233B8EE1002EFFE6 /* NumberpadButtonView.swift */,
			);
			path = Numberpad;
			sourceTree = "<group>";
		};
/* End PBXGroup section */

/* Begin PBXNativeTarget section */
		0057AD53233B517A002EFFE6 /* PPCurrencyConversion */ = {
			isa = PBXNativeTarget;
			buildConfigurationList = 0057AD81233B517B002EFFE6 /* Build configuration list for PBXNativeTarget "PPCurrencyConversion" */;
			buildPhases = (
				0057AD50233B517A002EFFE6 /* Sources */,
				0057AD51233B517A002EFFE6 /* Frameworks */,
				0057AD52233B517A002EFFE6 /* Resources */,
			);
			buildRules = (
			);
			dependencies = (
			);
			name = PPCurrencyConversion;
			productName = PPCurrencyConversion;
			productReference = 0057AD54233B517A002EFFE6 /* PPCurrencyConversion.app */;
			productType = "com.apple.product-type.application";
		};
		0057AD6C233B517B002EFFE6 /* PPCurrencyConversionTests */ = {
			isa = PBXNativeTarget;
			buildConfigurationList = 0057AD84233B517B002EFFE6 /* Build configuration list for PBXNativeTarget "PPCurrencyConversionTests" */;
			buildPhases = (
				0057AD69233B517B002EFFE6 /* Sources */,
				0057AD6A233B517B002EFFE6 /* Frameworks */,
				0057AD6B233B517B002EFFE6 /* Resources */,
			);
			buildRules = (
			);
			dependencies = (
				0057AD6F233B517B002EFFE6 /* PBXTargetDependency */,
			);
			name = PPCurrencyConversionTests;
			productName = PPCurrencyConversionTests;
			productReference = 0057AD6D233B517B002EFFE6 /* PPCurrencyConversionTests.xctest */;
			productType = "com.apple.product-type.bundle.unit-test";
		};
		0057AD77233B517B002EFFE6 /* PPCurrencyConversionUITests */ = {
			isa = PBXNativeTarget;
			buildConfigurationList = 0057AD87233B517B002EFFE6 /* Build configuration list for PBXNativeTarget "PPCurrencyConversionUITests" */;
			buildPhases = (
				0057AD74233B517B002EFFE6 /* Sources */,
				0057AD75233B517B002EFFE6 /* Frameworks */,
				0057AD76233B517B002EFFE6 /* Resources */,
			);
			buildRules = (
			);
			dependencies = (
				0057AD7A233B517B002EFFE6 /* PBXTargetDependency */,
			);
			name = PPCurrencyConversionUITests;
			productName = PPCurrencyConversionUITests;
			productReference = 0057AD78233B517B002EFFE6 /* PPCurrencyConversionUITests.xctest */;
			productType = "com.apple.product-type.bundle.ui-testing";
		};
/* End PBXNativeTarget section */

/* Begin PBXProject section */
		0057AD4C233B517A002EFFE6 /* Project object */ = {
			isa = PBXProject;
			attributes = {
				LastSwiftUpdateCheck = 1100;
				LastUpgradeCheck = 1100;
				ORGANIZATIONNAME = "Yuan Zhou";
				TargetAttributes = {
					0057AD53233B517A002EFFE6 = {
						CreatedOnToolsVersion = 11.0;
					};
					0057AD6C233B517B002EFFE6 = {
						CreatedOnToolsVersion = 11.0;
						TestTargetID = 0057AD53233B517A002EFFE6;
					};
					0057AD77233B517B002EFFE6 = {
						CreatedOnToolsVersion = 11.0;
						TestTargetID = 0057AD53233B517A002EFFE6;
					};
				};
			};
			buildConfigurationList = 0057AD4F233B517A002EFFE6 /* Build configuration list for PBXProject "PPCurrencyConversion" */;
			compatibilityVersion = "Xcode 9.3";
			developmentRegion = en;
			hasScannedForEncodings = 0;
			knownRegions = (
				en,
				Base,
			);
			mainGroup = 0057AD4B233B517A002EFFE6;
			productRefGroup = 0057AD55233B517A002EFFE6 /* Products */;
			projectDirPath = "";
			projectRoot = "";
			targets = (
				0057AD53233B517A002EFFE6 /* PPCurrencyConversion */,
				0057AD6C233B517B002EFFE6 /* PPCurrencyConversionTests */,
				0057AD77233B517B002EFFE6 /* PPCurrencyConversionUITests */,
			);
		};
/* End PBXProject section */

/* Begin PBXResourcesBuildPhase section */
		0057AD52233B517A002EFFE6 /* Resources */ = {
			isa = PBXResourcesBuildPhase;
			buildActionMask = 2147483647;
			files = (
				0057AD67233B517B002EFFE6 /* LaunchScreen.storyboard in Resources */,
				0057AD64233B517B002EFFE6 /* Preview Assets.xcassets in Resources */,
				0057AD61233B517B002EFFE6 /* Assets.xcassets in Resources */,
			);
			runOnlyForDeploymentPostprocessing = 0;
		};
		0057AD6B233B517B002EFFE6 /* Resources */ = {
			isa = PBXResourcesBuildPhase;
			buildActionMask = 2147483647;
			files = (
			);
			runOnlyForDeploymentPostprocessing = 0;
		};
		0057AD76233B517B002EFFE6 /* Resources */ = {
			isa = PBXResourcesBuildPhase;
			buildActionMask = 2147483647;
			files = (
			);
			runOnlyForDeploymentPostprocessing = 0;
		};
/* End PBXResourcesBuildPhase section */

/* Begin PBXSourcesBuildPhase section */
		0057AD50233B517A002EFFE6 /* Sources */ = {
			isa = PBXSourcesBuildPhase;
			buildActionMask = 2147483647;
			files = (
				0057AD9F233B805F002EFFE6 /* ModelHandler.swift in Sources */,
				0057AD9C233B7DE4002EFFE6 /* CurrencyRowView.swift in Sources */,
				0057ADA1233B8EA4002EFFE6 /* SelectionView.swift in Sources */,
				0057AD96233B58FF002EFFE6 /* Currency.swift in Sources */,
				0057ADA8233BA4A9002EFFE6 /* DataHandler.swift in Sources */,
				0057AD8B233B549F002EFFE6 /* Constants.swift in Sources */,
				0057ADA6233B8EE1002EFFE6 /* NumberpadButtonView.swift in Sources */,
				0057ADA4233B8ED3002EFFE6 /* NumberpadView.swift in Sources */,
				0057AD58233B517A002EFFE6 /* AppDelegate.swift in Sources */,
				0057AD8F233B553E002EFFE6 /* Loader.swift in Sources */,
				0057AD93233B5611002EFFE6 /* DBUtil.swift in Sources */,
				0057AD5D233B517A002EFFE6 /* PPCurrencyConversion.xcdatamodeld in Sources */,
				0057AD91233B5586002EFFE6 /* JsonParser.swift in Sources */,
				0057AD9A233B5B8A002EFFE6 /* ListView.swift in Sources */,
				0057AD98233B594C002EFFE6 /* UserData.swift in Sources */,
				0057AD5A233B517A002EFFE6 /* SceneDelegate.swift in Sources */,
			);
			runOnlyForDeploymentPostprocessing = 0;
		};
		0057AD69233B517B002EFFE6 /* Sources */ = {
			isa = PBXSourcesBuildPhase;
			buildActionMask = 2147483647;
			files = (
				0057AD72233B517B002EFFE6 /* PPCurrencyConversionTests.swift in Sources */,
			);
			runOnlyForDeploymentPostprocessing = 0;
		};
		0057AD74233B517B002EFFE6 /* Sources */ = {
			isa = PBXSourcesBuildPhase;
			buildActionMask = 2147483647;
			files = (
				0057AD7D233B517B002EFFE6 /* PPCurrencyConversionUITests.swift in Sources */,
			);
			runOnlyForDeploymentPostprocessing = 0;
		};
/* End PBXSourcesBuildPhase section */

/* Begin PBXTargetDependency section */
		0057AD6F233B517B002EFFE6 /* PBXTargetDependency */ = {
			isa = PBXTargetDependency;
			target = 0057AD53233B517A002EFFE6 /* PPCurrencyConversion */;
			targetProxy = 0057AD6E233B517B002EFFE6 /* PBXContainerItemProxy */;
		};
		0057AD7A233B517B002EFFE6 /* PBXTargetDependency */ = {
			isa = PBXTargetDependency;
			target = 0057AD53233B517A002EFFE6 /* PPCurrencyConversion */;
			targetProxy = 0057AD79233B517B002EFFE6 /* PBXContainerItemProxy */;
		};
/* End PBXTargetDependency section */

/* Begin PBXVariantGroup section */
		0057AD65233B517B002EFFE6 /* LaunchScreen.storyboard */ = {
			isa = PBXVariantGroup;
			children = (
				0057AD66233B517B002EFFE6 /* Base */,
			);
			name = LaunchScreen.storyboard;
			sourceTree = "<group>";
		};
/* End PBXVariantGroup section */

/* Begin XCBuildConfiguration section */
		0057AD7F233B517B002EFFE6 /* Debug */ = {
			isa = XCBuildConfiguration;
			buildSettings = {
				ALWAYS_SEARCH_USER_PATHS = NO;
				CLANG_ANALYZER_NONNULL = YES;
				CLANG_ANALYZER_NUMBER_OBJECT_CONVERSION = YES_AGGRESSIVE;
				CLANG_CXX_LANGUAGE_STANDARD = "gnu++14";
				CLANG_CXX_LIBRARY = "libc++";
				CLANG_ENABLE_MODULES = YES;
				CLANG_ENABLE_OBJC_ARC = YES;
				CLANG_ENABLE_OBJC_WEAK = YES;
				CLANG_WARN_BLOCK_CAPTURE_AUTORELEASING = YES;
				CLANG_WARN_BOOL_CONVERSION = YES;
				CLANG_WARN_COMMA = YES;
				CLANG_WARN_CONSTANT_CONVERSION = YES;
				CLANG_WARN_DEPRECATED_OBJC_IMPLEMENTATIONS = YES;
				CLANG_WARN_DIRECT_OBJC_ISA_USAGE = YES_ERROR;
				CLANG_WARN_DOCUMENTATION_COMMENTS = YES;
				CLANG_WARN_EMPTY_BODY = YES;
				CLANG_WARN_ENUM_CONVERSION = YES;
				CLANG_WARN_INFINITE_RECURSION = YES;
				CLANG_WARN_INT_CONVERSION = YES;
				CLANG_WARN_NON_LITERAL_NULL_CONVERSION = YES;
				CLANG_WARN_OBJC_IMPLICIT_RETAIN_SELF = YES;
				CLANG_WARN_OBJC_LITERAL_CONVERSION = YES;
				CLANG_WARN_OBJC_ROOT_CLASS = YES_ERROR;
				CLANG_WARN_RANGE_LOOP_ANALYSIS = YES;
				CLANG_WARN_STRICT_PROTOTYPES = YES;
				CLANG_WARN_SUSPICIOUS_MOVE = YES;
				CLANG_WARN_UNGUARDED_AVAILABILITY = YES_AGGRESSIVE;
				CLANG_WARN_UNREACHABLE_CODE = YES;
				CLANG_WARN__DUPLICATE_METHOD_MATCH = YES;
				COPY_PHASE_STRIP = NO;
				DEBUG_INFORMATION_FORMAT = dwarf;
				ENABLE_STRICT_OBJC_MSGSEND = YES;
				ENABLE_TESTABILITY = YES;
				GCC_C_LANGUAGE_STANDARD = gnu11;
				GCC_DYNAMIC_NO_PIC = NO;
				GCC_NO_COMMON_BLOCKS = YES;
				GCC_OPTIMIZATION_LEVEL = 0;
				GCC_PREPROCESSOR_DEFINITIONS = (
					"DEBUG=1",
					"$(inherited)",
				);
				GCC_WARN_64_TO_32_BIT_CONVERSION = YES;
				GCC_WARN_ABOUT_RETURN_TYPE = YES_ERROR;
				GCC_WARN_UNDECLARED_SELECTOR = YES;
				GCC_WARN_UNINITIALIZED_AUTOS = YES_AGGRESSIVE;
				GCC_WARN_UNUSED_FUNCTION = YES;
				GCC_WARN_UNUSED_VARIABLE = YES;
				IPHONEOS_DEPLOYMENT_TARGET = 13.0;
				MTL_ENABLE_DEBUG_INFO = INCLUDE_SOURCE;
				MTL_FAST_MATH = YES;
				ONLY_ACTIVE_ARCH = YES;
				SDKROOT = iphoneos;
				SWIFT_ACTIVE_COMPILATION_CONDITIONS = DEBUG;
				SWIFT_OPTIMIZATION_LEVEL = "-Onone";
			};
			name = Debug;
		};
		0057AD80233B517B002EFFE6 /* Release */ = {
			isa = XCBuildConfiguration;
			buildSettings = {
				ALWAYS_SEARCH_USER_PATHS = NO;
				CLANG_ANALYZER_NONNULL = YES;
				CLANG_ANALYZER_NUMBER_OBJECT_CONVERSION = YES_AGGRESSIVE;
				CLANG_CXX_LANGUAGE_STANDARD = "gnu++14";
				CLANG_CXX_LIBRARY = "libc++";
				CLANG_ENABLE_MODULES = YES;
				CLANG_ENABLE_OBJC_ARC = YES;
				CLANG_ENABLE_OBJC_WEAK = YES;
				CLANG_WARN_BLOCK_CAPTURE_AUTORELEASING = YES;
				CLANG_WARN_BOOL_CONVERSION = YES;
				CLANG_WARN_COMMA = YES;
				CLANG_WARN_CONSTANT_CONVERSION = YES;
				CLANG_WARN_DEPRECATED_OBJC_IMPLEMENTATIONS = YES;
				CLANG_WARN_DIRECT_OBJC_ISA_USAGE = YES_ERROR;
				CLANG_WARN_DOCUMENTATION_COMMENTS = YES;
				CLANG_WARN_EMPTY_BODY = YES;
				CLANG_WARN_ENUM_CONVERSION = YES;
				CLANG_WARN_INFINITE_RECURSION = YES;
				CLANG_WARN_INT_CONVERSION = YES;
				CLANG_WARN_NON_LITERAL_NULL_CONVERSION = YES;
				CLANG_WARN_OBJC_IMPLICIT_RETAIN_SELF = YES;
				CLANG_WARN_OBJC_LITERAL_CONVERSION = YES;
				CLANG_WARN_OBJC_ROOT_CLASS = YES_ERROR;
				CLANG_WARN_RANGE_LOOP_ANALYSIS = YES;
				CLANG_WARN_STRICT_PROTOTYPES = YES;
				CLANG_WARN_SUSPICIOUS_MOVE = YES;
				CLANG_WARN_UNGUARDED_AVAILABILITY = YES_AGGRESSIVE;
				CLANG_WARN_UNREACHABLE_CODE = YES;
				CLANG_WARN__DUPLICATE_METHOD_MATCH = YES;
				COPY_PHASE_STRIP = NO;
				DEBUG_INFORMATION_FORMAT = "dwarf-with-dsym";
				ENABLE_NS_ASSERTIONS = NO;
				ENABLE_STRICT_OBJC_MSGSEND = YES;
				GCC_C_LANGUAGE_STANDARD = gnu11;
				GCC_NO_COMMON_BLOCKS = YES;
				GCC_WARN_64_TO_32_BIT_CONVERSION = YES;
				GCC_WARN_ABOUT_RETURN_TYPE = YES_ERROR;
				GCC_WARN_UNDECLARED_SELECTOR = YES;
				GCC_WARN_UNINITIALIZED_AUTOS = YES_AGGRESSIVE;
				GCC_WARN_UNUSED_FUNCTION = YES;
				GCC_WARN_UNUSED_VARIABLE = YES;
				IPHONEOS_DEPLOYMENT_TARGET = 13.0;
				MTL_ENABLE_DEBUG_INFO = NO;
				MTL_FAST_MATH = YES;
				SDKROOT = iphoneos;
				SWIFT_COMPILATION_MODE = wholemodule;
				SWIFT_OPTIMIZATION_LEVEL = "-O";
				VALIDATE_PRODUCT = YES;
			};
			name = Release;
		};
		0057AD82233B517B002EFFE6 /* Debug */ = {
			isa = XCBuildConfiguration;
			buildSettings = {
				ASSETCATALOG_COMPILER_APPICON_NAME = AppIcon;
				CODE_SIGN_STYLE = Automatic;
				DEVELOPMENT_ASSET_PATHS = "\"PPCurrencyConversion/Preview Content\"";
				DEVELOPMENT_TEAM = 4K82SD9BR9;
				ENABLE_PREVIEWS = YES;
				INFOPLIST_FILE = PPCurrencyConversion/Info.plist;
				LD_RUNPATH_SEARCH_PATHS = (
					"$(inherited)",
					"@executable_path/Frameworks",
				);
				PRODUCT_BUNDLE_IDENTIFIER = work.zhouyuan.PPCurrencyConversion;
				PRODUCT_NAME = "$(TARGET_NAME)";
				SWIFT_VERSION = 5.0;
				TARGETED_DEVICE_FAMILY = "1,2";
			};
			name = Debug;
		};
		0057AD83233B517B002EFFE6 /* Release */ = {
			isa = XCBuildConfiguration;
			buildSettings = {
				ASSETCATALOG_COMPILER_APPICON_NAME = AppIcon;
				CODE_SIGN_STYLE = Automatic;
				DEVELOPMENT_ASSET_PATHS = "\"PPCurrencyConversion/Preview Content\"";
				DEVELOPMENT_TEAM = 4K82SD9BR9;
				ENABLE_PREVIEWS = YES;
				INFOPLIST_FILE = PPCurrencyConversion/Info.plist;
				LD_RUNPATH_SEARCH_PATHS = (
					"$(inherited)",
					"@executable_path/Frameworks",
				);
				PRODUCT_BUNDLE_IDENTIFIER = work.zhouyuan.PPCurrencyConversion;
				PRODUCT_NAME = "$(TARGET_NAME)";
				SWIFT_VERSION = 5.0;
				TARGETED_DEVICE_FAMILY = "1,2";
			};
			name = Release;
		};
		0057AD85233B517B002EFFE6 /* Debug */ = {
			isa = XCBuildConfiguration;
			buildSettings = {
				ALWAYS_EMBED_SWIFT_STANDARD_LIBRARIES = YES;
				BUNDLE_LOADER = "$(TEST_HOST)";
				CODE_SIGN_STYLE = Automatic;
				DEVELOPMENT_TEAM = 4K82SD9BR9;
				INFOPLIST_FILE = PPCurrencyConversionTests/Info.plist;
				IPHONEOS_DEPLOYMENT_TARGET = 13.0;
				LD_RUNPATH_SEARCH_PATHS = (
					"$(inherited)",
					"@executable_path/Frameworks",
					"@loader_path/Frameworks",
				);
				PRODUCT_BUNDLE_IDENTIFIER = work.zhouyuan.PPCurrencyConversionTests;
				PRODUCT_NAME = "$(TARGET_NAME)";
				SWIFT_VERSION = 5.0;
				TARGETED_DEVICE_FAMILY = "1,2";
				TEST_HOST = "$(BUILT_PRODUCTS_DIR)/PPCurrencyConversion.app/PPCurrencyConversion";
			};
			name = Debug;
		};
		0057AD86233B517B002EFFE6 /* Release */ = {
			isa = XCBuildConfiguration;
			buildSettings = {
				ALWAYS_EMBED_SWIFT_STANDARD_LIBRARIES = YES;
				BUNDLE_LOADER = "$(TEST_HOST)";
				CODE_SIGN_STYLE = Automatic;
				DEVELOPMENT_TEAM = 4K82SD9BR9;
				INFOPLIST_FILE = PPCurrencyConversionTests/Info.plist;
				IPHONEOS_DEPLOYMENT_TARGET = 13.0;
				LD_RUNPATH_SEARCH_PATHS = (
					"$(inherited)",
					"@executable_path/Frameworks",
					"@loader_path/Frameworks",
				);
				PRODUCT_BUNDLE_IDENTIFIER = work.zhouyuan.PPCurrencyConversionTests;
				PRODUCT_NAME = "$(TARGET_NAME)";
				SWIFT_VERSION = 5.0;
				TARGETED_DEVICE_FAMILY = "1,2";
				TEST_HOST = "$(BUILT_PRODUCTS_DIR)/PPCurrencyConversion.app/PPCurrencyConversion";
			};
			name = Release;
		};
		0057AD88233B517B002EFFE6 /* Debug */ = {
			isa = XCBuildConfiguration;
			buildSettings = {
				ALWAYS_EMBED_SWIFT_STANDARD_LIBRARIES = YES;
				CODE_SIGN_STYLE = Automatic;
				DEVELOPMENT_TEAM = 4K82SD9BR9;
				INFOPLIST_FILE = PPCurrencyConversionUITests/Info.plist;
				LD_RUNPATH_SEARCH_PATHS = (
					"$(inherited)",
					"@executable_path/Frameworks",
					"@loader_path/Frameworks",
				);
				PRODUCT_BUNDLE_IDENTIFIER = work.zhouyuan.PPCurrencyConversionUITests;
				PRODUCT_NAME = "$(TARGET_NAME)";
				SWIFT_VERSION = 5.0;
				TARGETED_DEVICE_FAMILY = "1,2";
				TEST_TARGET_NAME = PPCurrencyConversion;
			};
			name = Debug;
		};
		0057AD89233B517B002EFFE6 /* Release */ = {
			isa = XCBuildConfiguration;
			buildSettings = {
				ALWAYS_EMBED_SWIFT_STANDARD_LIBRARIES = YES;
				CODE_SIGN_STYLE = Automatic;
				DEVELOPMENT_TEAM = 4K82SD9BR9;
				INFOPLIST_FILE = PPCurrencyConversionUITests/Info.plist;
				LD_RUNPATH_SEARCH_PATHS = (
					"$(inherited)",
					"@executable_path/Frameworks",
					"@loader_path/Frameworks",
				);
				PRODUCT_BUNDLE_IDENTIFIER = work.zhouyuan.PPCurrencyConversionUITests;
				PRODUCT_NAME = "$(TARGET_NAME)";
				SWIFT_VERSION = 5.0;
				TARGETED_DEVICE_FAMILY = "1,2";
				TEST_TARGET_NAME = PPCurrencyConversion;
			};
			name = Release;
		};
/* End XCBuildConfiguration section */

/* Begin XCConfigurationList section */
		0057AD4F233B517A002EFFE6 /* Build configuration list for PBXProject "PPCurrencyConversion" */ = {
			isa = XCConfigurationList;
			buildConfigurations = (
				0057AD7F233B517B002EFFE6 /* Debug */,
				0057AD80233B517B002EFFE6 /* Release */,
			);
			defaultConfigurationIsVisible = 0;
			defaultConfigurationName = Release;
		};
		0057AD81233B517B002EFFE6 /* Build configuration list for PBXNativeTarget "PPCurrencyConversion" */ = {
			isa = XCConfigurationList;
			buildConfigurations = (
				0057AD82233B517B002EFFE6 /* Debug */,
				0057AD83233B517B002EFFE6 /* Release */,
			);
			defaultConfigurationIsVisible = 0;
			defaultConfigurationName = Release;
		};
		0057AD84233B517B002EFFE6 /* Build configuration list for PBXNativeTarget "PPCurrencyConversionTests" */ = {
			isa = XCConfigurationList;
			buildConfigurations = (
				0057AD85233B517B002EFFE6 /* Debug */,
				0057AD86233B517B002EFFE6 /* Release */,
			);
			defaultConfigurationIsVisible = 0;
			defaultConfigurationName = Release;
		};
		0057AD87233B517B002EFFE6 /* Build configuration list for PBXNativeTarget "PPCurrencyConversionUITests" */ = {
			isa = XCConfigurationList;
			buildConfigurations = (
				0057AD88233B517B002EFFE6 /* Debug */,
				0057AD89233B517B002EFFE6 /* Release */,
			);
			defaultConfigurationIsVisible = 0;
			defaultConfigurationName = Release;
		};
/* End XCConfigurationList section */

/* Begin XCVersionGroup section */
		0057AD5B233B517A002EFFE6 /* PPCurrencyConversion.xcdatamodeld */ = {
			isa = XCVersionGroup;
			children = (
				0057AD5C233B517A002EFFE6 /* PPCurrencyConversion.xcdatamodel */,
			);
			currentVersion = 0057AD5C233B517A002EFFE6 /* PPCurrencyConversion.xcdatamodel */;
			path = PPCurrencyConversion.xcdatamodeld;
			sourceTree = "<group>";
			versionGroupType = wrapper.xcdatamodel;
		};
/* End XCVersionGroup section */
	};
	rootObject = 0057AD4C233B517A002EFFE6 /* Project object */;
}
